// !$*UTF8*$!
{
	archiveVersion = 1;
	classes = {
	};
	objectVersion = 56;
	objects = {

/* Begin PBXBuildFile section */
		CC508B712BFF58060027CF16 /* InventoryManagementApp.swift in Sources */ = {isa = PBXBuildFile; fileRef = CC508B702BFF58060027CF16 /* InventoryManagementApp.swift */; };
		CC508B732BFF58060027CF16 /* MainView.swift in Sources */ = {isa = PBXBuildFile; fileRef = CC508B722BFF58060027CF16 /* MainView.swift */; };
		CC508B752BFF58070027CF16 /* Assets.xcassets in Resources */ = {isa = PBXBuildFile; fileRef = CC508B742BFF58070027CF16 /* Assets.xcassets */; };
		CC508B782BFF58070027CF16 /* Preview Assets.xcassets in Resources */ = {isa = PBXBuildFile; fileRef = CC508B772BFF58070027CF16 /* Preview Assets.xcassets */; };
		CC508B7F2BFF5C540027CF16 /* ColorExtension.swift in Sources */ = {isa = PBXBuildFile; fileRef = CC508B7E2BFF5C540027CF16 /* ColorExtension.swift */; };
		CC508B872BFF603E0027CF16 /* ProductsListingView.swift in Sources */ = {isa = PBXBuildFile; fileRef = CC508B862BFF603E0027CF16 /* ProductsListingView.swift */; };
		CC508B892BFF60500027CF16 /* AddProductView.swift in Sources */ = {isa = PBXBuildFile; fileRef = CC508B882BFF60500027CF16 /* AddProductView.swift */; };
		CC508B8B2BFF60650027CF16 /* ProductDetailView.swift in Sources */ = {isa = PBXBuildFile; fileRef = CC508B8A2BFF60650027CF16 /* ProductDetailView.swift */; };
		CC508B8D2BFF607C0027CF16 /* ProductsListingViewModel.swift in Sources */ = {isa = PBXBuildFile; fileRef = CC508B8C2BFF607C0027CF16 /* ProductsListingViewModel.swift */; };
		CC508B8F2BFF60FA0027CF16 /* AddProductViewModel.swift in Sources */ = {isa = PBXBuildFile; fileRef = CC508B8E2BFF60FA0027CF16 /* AddProductViewModel.swift */; };
		CC508B932BFF61240027CF16 /* IMProduct.swift in Sources */ = {isa = PBXBuildFile; fileRef = CC508B922BFF61240027CF16 /* IMProduct.swift */; };
		CC508B962BFF61870027CF16 /* IMButton.swift in Sources */ = {isa = PBXBuildFile; fileRef = CC508B952BFF61870027CF16 /* IMButton.swift */; };
		CC508B9A2BFF61A30027CF16 /* IMProductCardView.swift in Sources */ = {isa = PBXBuildFile; fileRef = CC508B992BFF61A30027CF16 /* IMProductCardView.swift */; };
		CC508BA02BFF7C6F0027CF16 /* IMOptionView.swift in Sources */ = {isa = PBXBuildFile; fileRef = CC508B9F2BFF7C6F0027CF16 /* IMOptionView.swift */; };
		CCBCDF012C0053BF00069237 /* NumberFormatterExtension.swift in Sources */ = {isa = PBXBuildFile; fileRef = CCBCDF002C0053BF00069237 /* NumberFormatterExtension.swift */; };
		CCBCDF032C005A5600069237 /* TextFieldExtension.swift in Sources */ = {isa = PBXBuildFile; fileRef = CCBCDF022C005A5600069237 /* TextFieldExtension.swift */; };
/* End PBXBuildFile section */

/* Begin PBXFileReference section */
		CC508B6D2BFF58060027CF16 /* InventoryManagement.app */ = {isa = PBXFileReference; explicitFileType = wrapper.application; includeInIndex = 0; path = InventoryManagement.app; sourceTree = BUILT_PRODUCTS_DIR; };
		CC508B702BFF58060027CF16 /* InventoryManagementApp.swift */ = {isa = PBXFileReference; lastKnownFileType = sourcecode.swift; path = InventoryManagementApp.swift; sourceTree = "<group>"; };
		CC508B722BFF58060027CF16 /* MainView.swift */ = {isa = PBXFileReference; lastKnownFileType = sourcecode.swift; path = MainView.swift; sourceTree = "<group>"; };
		CC508B742BFF58070027CF16 /* Assets.xcassets */ = {isa = PBXFileReference; lastKnownFileType = folder.assetcatalog; path = Assets.xcassets; sourceTree = "<group>"; };
		CC508B772BFF58070027CF16 /* Preview Assets.xcassets */ = {isa = PBXFileReference; lastKnownFileType = folder.assetcatalog; path = "Preview Assets.xcassets"; sourceTree = "<group>"; };
		CC508B7E2BFF5C540027CF16 /* ColorExtension.swift */ = {isa = PBXFileReference; lastKnownFileType = sourcecode.swift; path = ColorExtension.swift; sourceTree = "<group>"; };
		CC508B862BFF603E0027CF16 /* ProductsListingView.swift */ = {isa = PBXFileReference; lastKnownFileType = sourcecode.swift; path = ProductsListingView.swift; sourceTree = "<group>"; };
		CC508B882BFF60500027CF16 /* AddProductView.swift */ = {isa = PBXFileReference; lastKnownFileType = sourcecode.swift; path = AddProductView.swift; sourceTree = "<group>"; };
		CC508B8A2BFF60650027CF16 /* ProductDetailView.swift */ = {isa = PBXFileReference; lastKnownFileType = sourcecode.swift; path = ProductDetailView.swift; sourceTree = "<group>"; };
		CC508B8C2BFF607C0027CF16 /* ProductsListingViewModel.swift */ = {isa = PBXFileReference; lastKnownFileType = sourcecode.swift; path = ProductsListingViewModel.swift; sourceTree = "<group>"; };
		CC508B8E2BFF60FA0027CF16 /* AddProductViewModel.swift */ = {isa = PBXFileReference; lastKnownFileType = sourcecode.swift; path = AddProductViewModel.swift; sourceTree = "<group>"; };
		CC508B922BFF61240027CF16 /* IMProduct.swift */ = {isa = PBXFileReference; lastKnownFileType = sourcecode.swift; path = IMProduct.swift; sourceTree = "<group>"; };
		CC508B952BFF61870027CF16 /* IMButton.swift */ = {isa = PBXFileReference; lastKnownFileType = sourcecode.swift; path = IMButton.swift; sourceTree = "<group>"; };
		CC508B992BFF61A30027CF16 /* IMProductCardView.swift */ = {isa = PBXFileReference; lastKnownFileType = sourcecode.swift; path = IMProductCardView.swift; sourceTree = "<group>"; };
		CC508B9F2BFF7C6F0027CF16 /* IMOptionView.swift */ = {isa = PBXFileReference; lastKnownFileType = sourcecode.swift; path = IMOptionView.swift; sourceTree = "<group>"; };
		CCBCDF002C0053BF00069237 /* NumberFormatterExtension.swift */ = {isa = PBXFileReference; lastKnownFileType = sourcecode.swift; path = NumberFormatterExtension.swift; sourceTree = "<group>"; };
		CCBCDF022C005A5600069237 /* TextFieldExtension.swift */ = {isa = PBXFileReference; lastKnownFileType = sourcecode.swift; path = TextFieldExtension.swift; sourceTree = "<group>"; };
/* End PBXFileReference section */

/* Begin PBXFrameworksBuildPhase section */
		CC508B6A2BFF58060027CF16 /* Frameworks */ = {
			isa = PBXFrameworksBuildPhase;
			buildActionMask = 2147483647;
			files = (
			);
			runOnlyForDeploymentPostprocessing = 0;
		};
/* End PBXFrameworksBuildPhase section */

/* Begin PBXGroup section */
		CC508B642BFF58060027CF16 = {
			isa = PBXGroup;
			children = (
				CC508B6F2BFF58060027CF16 /* InventoryManagement */,
				CC508B6E2BFF58060027CF16 /* Products */,
			);
			sourceTree = "<group>";
		};
		CC508B6E2BFF58060027CF16 /* Products */ = {
			isa = PBXGroup;
			children = (
				CC508B6D2BFF58060027CF16 /* InventoryManagement.app */,
			);
			name = Products;
			sourceTree = "<group>";
		};
		CC508B6F2BFF58060027CF16 /* InventoryManagement */ = {
			isa = PBXGroup;
			children = (
				CC508B842BFF5F920027CF16 /* Models */,
				CC508B832BFF5F8B0027CF16 /* ViewModels */,
				CC508B822BFF5F800027CF16 /* Views */,
				CC508B812BFF5F750027CF16 /* Utilities */,
				CC508B802BFF5F6D0027CF16 /* Support */,
				CC508B762BFF58070027CF16 /* Preview Content */,
			);
			path = InventoryManagement;
			sourceTree = "<group>";
		};
		CC508B762BFF58070027CF16 /* Preview Content */ = {
			isa = PBXGroup;
			children = (
				CC508B772BFF58070027CF16 /* Preview Assets.xcassets */,
			);
			path = "Preview Content";
			sourceTree = "<group>";
		};
		CC508B802BFF5F6D0027CF16 /* Support */ = {
			isa = PBXGroup;
			children = (
				CC508B742BFF58070027CF16 /* Assets.xcassets */,
				CC508B702BFF58060027CF16 /* InventoryManagementApp.swift */,
			);
			path = Support;
			sourceTree = "<group>";
		};
		CC508B812BFF5F750027CF16 /* Utilities */ = {
			isa = PBXGroup;
			children = (
				CC508B942BFF616B0027CF16 /* Components */,
				CC508B852BFF5FA90027CF16 /* Extensions */,
			);
			path = Utilities;
			sourceTree = "<group>";
		};
		CC508B822BFF5F800027CF16 /* Views */ = {
			isa = PBXGroup;
			children = (
				CC508B722BFF58060027CF16 /* MainView.swift */,
				CC508B862BFF603E0027CF16 /* ProductsListingView.swift */,
				CC508B882BFF60500027CF16 /* AddProductView.swift */,
				CC508B8A2BFF60650027CF16 /* ProductDetailView.swift */,
			);
			path = Views;
			sourceTree = "<group>";
		};
		CC508B832BFF5F8B0027CF16 /* ViewModels */ = {
			isa = PBXGroup;
			children = (
				CC508B8C2BFF607C0027CF16 /* ProductsListingViewModel.swift */,
				CC508B8E2BFF60FA0027CF16 /* AddProductViewModel.swift */,
			);
			path = ViewModels;
			sourceTree = "<group>";
		};
		CC508B842BFF5F920027CF16 /* Models */ = {
			isa = PBXGroup;
			children = (
				CC508B922BFF61240027CF16 /* IMProduct.swift */,
			);
			path = Models;
			sourceTree = "<group>";
		};
		CC508B852BFF5FA90027CF16 /* Extensions */ = {
			isa = PBXGroup;
			children = (
				CC508B7E2BFF5C540027CF16 /* ColorExtension.swift */,
				CCBCDF002C0053BF00069237 /* NumberFormatterExtension.swift */,
				CCBCDF022C005A5600069237 /* TextFieldExtension.swift */,
			);
			path = Extensions;
			sourceTree = "<group>";
		};
		CC508B942BFF616B0027CF16 /* Components */ = {
			isa = PBXGroup;
			children = (
				CC508B952BFF61870027CF16 /* IMButton.swift */,
				CC508B992BFF61A30027CF16 /* IMProductCardView.swift */,
				CC508B9F2BFF7C6F0027CF16 /* IMOptionView.swift */,
			);
			path = Components;
			sourceTree = "<group>";
		};
/* End PBXGroup section */

/* Begin PBXNativeTarget section */
		CC508B6C2BFF58060027CF16 /* InventoryManagement */ = {
			isa = PBXNativeTarget;
			buildConfigurationList = CC508B7B2BFF58070027CF16 /* Build configuration list for PBXNativeTarget "InventoryManagement" */;
			buildPhases = (
				CC508B692BFF58060027CF16 /* Sources */,
				CC508B6A2BFF58060027CF16 /* Frameworks */,
				CC508B6B2BFF58060027CF16 /* Resources */,
			);
			buildRules = (
			);
			dependencies = (
			);
			name = InventoryManagement;
			productName = InventoryManagement;
			productReference = CC508B6D2BFF58060027CF16 /* InventoryManagement.app */;
			productType = "com.apple.product-type.application";
		};
/* End PBXNativeTarget section */

/* Begin PBXProject section */
		CC508B652BFF58060027CF16 /* Project object */ = {
			isa = PBXProject;
			attributes = {
				BuildIndependentTargetsInParallel = 1;
				LastSwiftUpdateCheck = 1530;
				LastUpgradeCheck = 1530;
				TargetAttributes = {
					CC508B6C2BFF58060027CF16 = {
						CreatedOnToolsVersion = 15.3;
					};
				};
			};
			buildConfigurationList = CC508B682BFF58060027CF16 /* Build configuration list for PBXProject "InventoryManagement" */;
			compatibilityVersion = "Xcode 14.0";
			developmentRegion = en;
			hasScannedForEncodings = 0;
			knownRegions = (
				en,
				Base,
			);
			mainGroup = CC508B642BFF58060027CF16;
			productRefGroup = CC508B6E2BFF58060027CF16 /* Products */;
			projectDirPath = "";
			projectRoot = "";
			targets = (
				CC508B6C2BFF58060027CF16 /* InventoryManagement */,
			);
		};
/* End PBXProject section */

/* Begin PBXResourcesBuildPhase section */
		CC508B6B2BFF58060027CF16 /* Resources */ = {
			isa = PBXResourcesBuildPhase;
			buildActionMask = 2147483647;
			files = (
				CC508B782BFF58070027CF16 /* Preview Assets.xcassets in Resources */,
				CC508B752BFF58070027CF16 /* Assets.xcassets in Resources */,
			);
			runOnlyForDeploymentPostprocessing = 0;
		};
/* End PBXResourcesBuildPhase section */

/* Begin PBXSourcesBuildPhase section */
		CC508B692BFF58060027CF16 /* Sources */ = {
			isa = PBXSourcesBuildPhase;
			buildActionMask = 2147483647;
			files = (
				CC508B7F2BFF5C540027CF16 /* ColorExtension.swift in Sources */,
				CC508B932BFF61240027CF16 /* IMProduct.swift in Sources */,
				CC508B9A2BFF61A30027CF16 /* IMProductCardView.swift in Sources */,
				CCBCDF032C005A5600069237 /* TextFieldExtension.swift in Sources */,
				CC508BA02BFF7C6F0027CF16 /* IMOptionView.swift in Sources */,
				CC508B872BFF603E0027CF16 /* ProductsListingView.swift in Sources */,
				CC508B8F2BFF60FA0027CF16 /* AddProductViewModel.swift in Sources */,
				CCBCDF012C0053BF00069237 /* NumberFormatterExtension.swift in Sources */,
				CC508B732BFF58060027CF16 /* MainView.swift in Sources */,
				CC508B712BFF58060027CF16 /* InventoryManagementApp.swift in Sources */,
				CC508B892BFF60500027CF16 /* AddProductView.swift in Sources */,
				CC508B962BFF61870027CF16 /* IMButton.swift in Sources */,
				CC508B8D2BFF607C0027CF16 /* ProductsListingViewModel.swift in Sources */,
				CC508B8B2BFF60650027CF16 /* ProductDetailView.swift in Sources */,
			);
			runOnlyForDeploymentPostprocessing = 0;
		};
/* End PBXSourcesBuildPhase section */

/* Begin XCBuildConfiguration section */
		CC508B792BFF58070027CF16 /* Debug */ = {
			isa = XCBuildConfiguration;
			buildSettings = {
				ALWAYS_SEARCH_USER_PATHS = NO;
				ASSETCATALOG_COMPILER_GENERATE_SWIFT_ASSET_SYMBOL_EXTENSIONS = YES;
				CLANG_ANALYZER_NONNULL = YES;
				CLANG_ANALYZER_NUMBER_OBJECT_CONVERSION = YES_AGGRESSIVE;
				CLANG_CXX_LANGUAGE_STANDARD = "gnu++20";
				CLANG_ENABLE_MODULES = YES;
				CLANG_ENABLE_OBJC_ARC = YES;
				CLANG_ENABLE_OBJC_WEAK = YES;
				CLANG_WARN_BLOCK_CAPTURE_AUTORELEASING = YES;
				CLANG_WARN_BOOL_CONVERSION = YES;
				CLANG_WARN_COMMA = YES;
				CLANG_WARN_CONSTANT_CONVERSION = YES;
				CLANG_WARN_DEPRECATED_OBJC_IMPLEMENTATIONS = YES;
				CLANG_WARN_DIRECT_OBJC_ISA_USAGE = YES_ERROR;
				CLANG_WARN_DOCUMENTATION_COMMENTS = YES;
				CLANG_WARN_EMPTY_BODY = YES;
				CLANG_WARN_ENUM_CONVERSION = YES;
				CLANG_WARN_INFINITE_RECURSION = YES;
				CLANG_WARN_INT_CONVERSION = YES;
				CLANG_WARN_NON_LITERAL_NULL_CONVERSION = YES;
				CLANG_WARN_OBJC_IMPLICIT_RETAIN_SELF = YES;
				CLANG_WARN_OBJC_LITERAL_CONVERSION = YES;
				CLANG_WARN_OBJC_ROOT_CLASS = YES_ERROR;
				CLANG_WARN_QUOTED_INCLUDE_IN_FRAMEWORK_HEADER = YES;
				CLANG_WARN_RANGE_LOOP_ANALYSIS = YES;
				CLANG_WARN_STRICT_PROTOTYPES = YES;
				CLANG_WARN_SUSPICIOUS_MOVE = YES;
				CLANG_WARN_UNGUARDED_AVAILABILITY = YES_AGGRESSIVE;
				CLANG_WARN_UNREACHABLE_CODE = YES;
				CLANG_WARN__DUPLICATE_METHOD_MATCH = YES;
				COPY_PHASE_STRIP = NO;
				DEBUG_INFORMATION_FORMAT = dwarf;
				ENABLE_STRICT_OBJC_MSGSEND = YES;
				ENABLE_TESTABILITY = YES;
				ENABLE_USER_SCRIPT_SANDBOXING = YES;
				GCC_C_LANGUAGE_STANDARD = gnu17;
				GCC_DYNAMIC_NO_PIC = NO;
				GCC_NO_COMMON_BLOCKS = YES;
				GCC_OPTIMIZATION_LEVEL = 0;
				GCC_PREPROCESSOR_DEFINITIONS = (
					"DEBUG=1",
					"$(inherited)",
				);
				GCC_WARN_64_TO_32_BIT_CONVERSION = YES;
				GCC_WARN_ABOUT_RETURN_TYPE = YES_ERROR;
				GCC_WARN_UNDECLARED_SELECTOR = YES;
				GCC_WARN_UNINITIALIZED_AUTOS = YES_AGGRESSIVE;
				GCC_WARN_UNUSED_FUNCTION = YES;
				GCC_WARN_UNUSED_VARIABLE = YES;
				IPHONEOS_DEPLOYMENT_TARGET = 17.4;
				LOCALIZATION_PREFERS_STRING_CATALOGS = YES;
				MTL_ENABLE_DEBUG_INFO = INCLUDE_SOURCE;
				MTL_FAST_MATH = YES;
				ONLY_ACTIVE_ARCH = YES;
				SDKROOT = iphoneos;
				SWIFT_ACTIVE_COMPILATION_CONDITIONS = "DEBUG $(inherited)";
				SWIFT_OPTIMIZATION_LEVEL = "-Onone";
			};
			name = Debug;
		};
		CC508B7A2BFF58070027CF16 /* Release */ = {
			isa = XCBuildConfiguration;
			buildSettings = {
				ALWAYS_SEARCH_USER_PATHS = NO;
				ASSETCATALOG_COMPILER_GENERATE_SWIFT_ASSET_SYMBOL_EXTENSIONS = YES;
				CLANG_ANALYZER_NONNULL = YES;
				CLANG_ANALYZER_NUMBER_OBJECT_CONVERSION = YES_AGGRESSIVE;
				CLANG_CXX_LANGUAGE_STANDARD = "gnu++20";
				CLANG_ENABLE_MODULES = YES;
				CLANG_ENABLE_OBJC_ARC = YES;
				CLANG_ENABLE_OBJC_WEAK = YES;
				CLANG_WARN_BLOCK_CAPTURE_AUTORELEASING = YES;
				CLANG_WARN_BOOL_CONVERSION = YES;
				CLANG_WARN_COMMA = YES;
				CLANG_WARN_CONSTANT_CONVERSION = YES;
				CLANG_WARN_DEPRECATED_OBJC_IMPLEMENTATIONS = YES;
				CLANG_WARN_DIRECT_OBJC_ISA_USAGE = YES_ERROR;
				CLANG_WARN_DOCUMENTATION_COMMENTS = YES;
				CLANG_WARN_EMPTY_BODY = YES;
				CLANG_WARN_ENUM_CONVERSION = YES;
				CLANG_WARN_INFINITE_RECURSION = YES;
				CLANG_WARN_INT_CONVERSION = YES;
				CLANG_WARN_NON_LITERAL_NULL_CONVERSION = YES;
				CLANG_WARN_OBJC_IMPLICIT_RETAIN_SELF = YES;
				CLANG_WARN_OBJC_LITERAL_CONVERSION = YES;
				CLANG_WARN_OBJC_ROOT_CLASS = YES_ERROR;
				CLANG_WARN_QUOTED_INCLUDE_IN_FRAMEWORK_HEADER = YES;
				CLANG_WARN_RANGE_LOOP_ANALYSIS = YES;
				CLANG_WARN_STRICT_PROTOTYPES = YES;
				CLANG_WARN_SUSPICIOUS_MOVE = YES;
				CLANG_WARN_UNGUARDED_AVAILABILITY = YES_AGGRESSIVE;
				CLANG_WARN_UNREACHABLE_CODE = YES;
				CLANG_WARN__DUPLICATE_METHOD_MATCH = YES;
				COPY_PHASE_STRIP = NO;
				DEBUG_INFORMATION_FORMAT = "dwarf-with-dsym";
				ENABLE_NS_ASSERTIONS = NO;
				ENABLE_STRICT_OBJC_MSGSEND = YES;
				ENABLE_USER_SCRIPT_SANDBOXING = YES;
				GCC_C_LANGUAGE_STANDARD = gnu17;
				GCC_NO_COMMON_BLOCKS = YES;
				GCC_WARN_64_TO_32_BIT_CONVERSION = YES;
				GCC_WARN_ABOUT_RETURN_TYPE = YES_ERROR;
				GCC_WARN_UNDECLARED_SELECTOR = YES;
				GCC_WARN_UNINITIALIZED_AUTOS = YES_AGGRESSIVE;
				GCC_WARN_UNUSED_FUNCTION = YES;
				GCC_WARN_UNUSED_VARIABLE = YES;
				IPHONEOS_DEPLOYMENT_TARGET = 17.4;
				LOCALIZATION_PREFERS_STRING_CATALOGS = YES;
				MTL_ENABLE_DEBUG_INFO = NO;
				MTL_FAST_MATH = YES;
				SDKROOT = iphoneos;
				SWIFT_COMPILATION_MODE = wholemodule;
				VALIDATE_PRODUCT = YES;
			};
			name = Release;
		};
		CC508B7C2BFF58070027CF16 /* Debug */ = {
			isa = XCBuildConfiguration;
			buildSettings = {
				ASSETCATALOG_COMPILER_APPICON_NAME = AppIcon;
				ASSETCATALOG_COMPILER_GLOBAL_ACCENT_COLOR_NAME = AccentColor;
				CODE_SIGN_STYLE = Automatic;
				CURRENT_PROJECT_VERSION = 1;
				DEVELOPMENT_ASSET_PATHS = "\"InventoryManagement/Preview Content\"";
				DEVELOPMENT_TEAM = 792SAN8W5Y;
				ENABLE_PREVIEWS = YES;
				GENERATE_INFOPLIST_FILE = YES;
				INFOPLIST_KEY_CFBundleDisplayName = Inventory;
				INFOPLIST_KEY_UIApplicationSceneManifest_Generation = YES;
				INFOPLIST_KEY_UIApplicationSupportsIndirectInputEvents = YES;
				INFOPLIST_KEY_UILaunchScreen_Generation = YES;
				INFOPLIST_KEY_UIRequiresFullScreen = YES;
				INFOPLIST_KEY_UISupportedInterfaceOrientations = UIInterfaceOrientationPortrait;
				IPHONEOS_DEPLOYMENT_TARGET = 16.0;
				LD_RUNPATH_SEARCH_PATHS = (
					"$(inherited)",
					"@executable_path/Frameworks",
				);
				MARKETING_VERSION = 1.0;
				PRODUCT_BUNDLE_IDENTIFIER = com.krishmittal.InventoryManagement;
				PRODUCT_NAME = "$(TARGET_NAME)";
				SWIFT_EMIT_LOC_STRINGS = YES;
				SWIFT_VERSION = 5.0;
				TARGETED_DEVICE_FAMILY = "1,2";
			};
			name = Debug;
		};
		CC508B7D2BFF58070027CF16 /* Release */ = {
			isa = XCBuildConfiguration;
			buildSettings = {
				ASSETCATALOG_COMPILER_APPICON_NAME = AppIcon;
				ASSETCATALOG_COMPILER_GLOBAL_ACCENT_COLOR_NAME = AccentColor;
				CODE_SIGN_STYLE = Automatic;
				CURRENT_PROJECT_VERSION = 1;
				DEVELOPMENT_ASSET_PATHS = "\"InventoryManagement/Preview Content\"";
				DEVELOPMENT_TEAM = 792SAN8W5Y;
				ENABLE_PREVIEWS = YES;
				GENERATE_INFOPLIST_FILE = YES;
				INFOPLIST_KEY_CFBundleDisplayName = Inventory;
				INFOPLIST_KEY_UIApplicationSceneManifest_Generation = YES;
				INFOPLIST_KEY_UIApplicationSupportsIndirectInputEvents = YES;
				INFOPLIST_KEY_UILaunchScreen_Generation = YES;
				INFOPLIST_KEY_UIRequiresFullScreen = YES;
				INFOPLIST_KEY_UISupportedInterfaceOrientations = UIInterfaceOrientationPortrait;
				IPHONEOS_DEPLOYMENT_TARGET = 16.0;
				LD_RUNPATH_SEARCH_PATHS = (
					"$(inherited)",
					"@executable_path/Frameworks",
				);
				MARKETING_VERSION = 1.0;
				PRODUCT_BUNDLE_IDENTIFIER = com.krishmittal.InventoryManagement;
				PRODUCT_NAME = "$(TARGET_NAME)";
				SWIFT_EMIT_LOC_STRINGS = YES;
				SWIFT_VERSION = 5.0;
				TARGETED_DEVICE_FAMILY = "1,2";
			};
			name = Release;
		};
/* End XCBuildConfiguration section */

/* Begin XCConfigurationList section */
		CC508B682BFF58060027CF16 /* Build configuration list for PBXProject "InventoryManagement" */ = {
			isa = XCConfigurationList;
			buildConfigurations = (
				CC508B792BFF58070027CF16 /* Debug */,
				CC508B7A2BFF58070027CF16 /* Release */,
			);
			defaultConfigurationIsVisible = 0;
			defaultConfigurationName = Release;
		};
		CC508B7B2BFF58070027CF16 /* Build configuration list for PBXNativeTarget "InventoryManagement" */ = {
			isa = XCConfigurationList;
			buildConfigurations = (
				CC508B7C2BFF58070027CF16 /* Debug */,
				CC508B7D2BFF58070027CF16 /* Release */,
			);
			defaultConfigurationIsVisible = 0;
			defaultConfigurationName = Release;
		};
/* End XCConfigurationList section */
	};
	rootObject = CC508B652BFF58060027CF16 /* Project object */;
}
